
Microsoft Visual Studio Solution File, Format Version 12.00
# Visual Studio Version 16
VisualStudioVersion = 16.0.30114.105
MinimumVisualStudioVersion = 10.0.40219.1
Project("{FAE04EC0-301F-11D3-BF4B-00C04F79EFBC}") = "Papp.Domain", "Papp.Domain\Papp.Domain.csproj", "{C166813C-0C36-47FA-8317-B361C4690134}"
EndProject
Project("{FAE04EC0-301F-11D3-BF4B-00C04F79EFBC}") = "Papp.Persistence", "Papp.Persistence\Papp.Persistence.csproj", "{86AA726E-EFAF-4F22-A739-4907B479E8D3}"
EndProject
Project("{FAE04EC0-301F-11D3-BF4B-00C04F79EFBC}") = "Papp.Persistence.Tests", "Papp.Persistence.Tests\Papp.Persistence.Tests.csproj", "{CB86BE30-E7C2-4A65-957E-CA66E1DA2DBD}"
EndProject
Global
	GlobalSection(SolutionProperties) = preSolution
		HideSolutionNode = FALSE
	EndGlobalSection
	GlobalSection(SolutionConfigurationPlatforms) = preSolution
		Debug|Any CPU = Debug|Any CPU
		Debug|x64 = Debug|x64
		Debug|x86 = Debug|x86
		Release|Any CPU = Release|Any CPU
		Release|x64 = Release|x64
		Release|x86 = Release|x86
	EndGlobalSection
	GlobalSection(ProjectConfigurationPlatforms) = postSolution
		{C166813C-0C36-47FA-8317-B361C4690134}.Debug|Any CPU.ActiveCfg = Debug|Any CPU
		{C166813C-0C36-47FA-8317-B361C4690134}.Debug|Any CPU.Build.0 = Debug|Any CPU
		{C166813C-0C36-47FA-8317-B361C4690134}.Debug|x64.ActiveCfg = Debug|Any CPU
		{C166813C-0C36-47FA-8317-B361C4690134}.Debug|x64.Build.0 = Debug|Any CPU
		{C166813C-0C36-47FA-8317-B361C4690134}.Debug|x86.ActiveCfg = Debug|Any CPU
		{C166813C-0C36-47FA-8317-B361C4690134}.Debug|x86.Build.0 = Debug|Any CPU
		{C166813C-0C36-47FA-8317-B361C4690134}.Release|Any CPU.ActiveCfg = Release|Any CPU
		{C166813C-0C36-47FA-8317-B361C4690134}.Release|Any CPU.Build.0 = Release|Any CPU
		{C166813C-0C36-47FA-8317-B361C4690134}.Release|x64.ActiveCfg = Release|Any CPU
		{C166813C-0C36-47FA-8317-B361C4690134}.Release|x64.Build.0 = Release|Any CPU
		{C166813C-0C36-47FA-8317-B361C4690134}.Release|x86.ActiveCfg = Release|Any CPU
		{C166813C-0C36-47FA-8317-B361C4690134}.Release|x86.Build.0 = Release|Any CPU
		{86AA726E-EFAF-4F22-A739-4907B479E8D3}.Debug|Any CPU.ActiveCfg = Debug|Any CPU
		{86AA726E-EFAF-4F22-A739-4907B479E8D3}.Debug|Any CPU.Build.0 = Debug|Any CPU
		{86AA726E-EFAF-4F22-A739-4907B479E8D3}.Debug|x64.ActiveCfg = Debug|Any CPU
		{86AA726E-EFAF-4F22-A739-4907B479E8D3}.Debug|x64.Build.0 = Debug|Any CPU
		{86AA726E-EFAF-4F22-A739-4907B479E8D3}.Debug|x86.ActiveCfg = Debug|Any CPU
		{86AA726E-EFAF-4F22-A739-4907B479E8D3}.Debug|x86.Build.0 = Debug|Any CPU
		{86AA726E-EFAF-4F22-A739-4907B479E8D3}.Release|Any CPU.ActiveCfg = Release|Any CPU
		{86AA726E-EFAF-4F22-A739-4907B479E8D3}.Release|Any CPU.Build.0 = Release|Any CPU
		{86AA726E-EFAF-4F22-A739-4907B479E8D3}.Release|x64.ActiveCfg = Release|Any CPU
		{86AA726E-EFAF-4F22-A739-4907B479E8D3}.Release|x64.Build.0 = Release|Any CPU
		{86AA726E-EFAF-4F22-A739-4907B479E8D3}.Release|x86.ActiveCfg = Release|Any CPU
		{86AA726E-EFAF-4F22-A739-4907B479E8D3}.Release|x86.Build.0 = Release|Any CPU
		{CB86BE30-E7C2-4A65-957E-CA66E1DA2DBD}.Debug|Any CPU.ActiveCfg = Debug|Any CPU
		{CB86BE30-E7C2-4A65-957E-CA66E1DA2DBD}.Debug|Any CPU.Build.0 = Debug|Any CPU
		{CB86BE30-E7C2-4A65-957E-CA66E1DA2DBD}.Debug|x64.ActiveCfg = Debug|Any CPU
		{CB86BE30-E7C2-4A65-957E-CA66E1DA2DBD}.Debug|x64.Build.0 = Debug|Any CPU
		{CB86BE30-E7C2-4A65-957E-CA66E1DA2DBD}.Debug|x86.ActiveCfg = Debug|Any CPU
		{CB86BE30-E7C2-4A65-957E-CA66E1DA2DBD}.Debug|x86.Build.0 = Debug|Any CPU
		{CB86BE30-E7C2-4A65-957E-CA66E1DA2DBD}.Release|Any CPU.ActiveCfg = Release|Any CPU
		{CB86BE30-E7C2-4A65-957E-CA66E1DA2DBD}.Release|Any CPU.Build.0 = Release|Any CPU
		{CB86BE30-E7C2-4A65-957E-CA66E1DA2DBD}.Release|x64.ActiveCfg = Release|Any CPU
		{CB86BE30-E7C2-4A65-957E-CA66E1DA2DBD}.Release|x64.Build.0 = Release|Any CPU
		{CB86BE30-E7C2-4A65-957E-CA66E1DA2DBD}.Release|x86.ActiveCfg = Release|Any CPU
		{CB86BE30-E7C2-4A65-957E-CA66E1DA2DBD}.Release|x86.Build.0 = Release|Any CPU
	EndGlobalSection
EndGlobal
